
Microsoft Visual Studio Solution File, Format Version 12.00
# Visual Studio Version 16
VisualStudioVersion = 16.0.30621.155
MinimumVisualStudioVersion = 10.0.40219.1
Project("{9A19103F-16F7-4668-BE54-9A1E7A4F7556}") = "Simulatietest", "Simulatietest\Simulatietest.csproj", "{D2BD0DD6-EEEC-4060-91B8-882D86A028B9}"
EndProject
Global
	GlobalSection(SolutionConfigurationPlatforms) = preSolution
		Debug|Any CPU = Debug|Any CPU
		Release|Any CPU = Release|Any CPU
	EndGlobalSection
	GlobalSection(ProjectConfigurationPlatforms) = postSolution
		{D2BD0DD6-EEEC-4060-91B8-882D86A028B9}.Debug|Any CPU.ActiveCfg = Debug|Any CPU
		{D2BD0DD6-EEEC-4060-91B8-882D86A028B9}.Debug|Any CPU.Build.0 = Debug|Any CPU
		{D2BD0DD6-EEEC-4060-91B8-882D86A028B9}.Release|Any CPU.ActiveCfg = Release|Any CPU
		{D2BD0DD6-EEEC-4060-91B8-882D86A028B9}.Release|Any CPU.Build.0 = Release|Any CPU
	EndGlobalSection
	GlobalSection(SolutionProperties) = preSolution
		HideSolutionNode = FALSE
	EndGlobalSection
	GlobalSection(ExtensibilityGlobals) = postSolution
		SolutionGuid = {A352F2F8-2F26-4965-A9CB-24F0D432CC91}
	EndGlobalSection
EndGlobal
